
Microsoft Visual Studio Solution File, Format Version 12.00
# Visual Studio Version 17
VisualStudioVersion = 17.9.34728.123
MinimumVisualStudioVersion = 10.0.40219.1
Project("{9A19103F-16F7-4668-BE54-9A1E7A4F7556}") = "MyKidsReg", "MyKidsReg\MyKidsReg.csproj", "{12076F64-83F8-4ADF-8E17-434844DE3208}"
EndProject
Project("{9A19103F-16F7-4668-BE54-9A1E7A4F7556}") = "MyKidsRegTests", "MyKidsRegTests\MyKidsRegTests.csproj", "{97122717-4130-4787-9714-D5EA4A8B8653}"
EndProject
Project("{FAE04EC0-301F-11D3-BF4B-00C04F79EFBC}") = "SeleniumTest", "SeleniumTest\SeleniumTest.csproj", "{FC06860C-330A-4563-A0E4-3B6550AA1A1E}"
EndProject
Global
	GlobalSection(SolutionConfigurationPlatforms) = preSolution
		Debug|Any CPU = Debug|Any CPU
		Release|Any CPU = Release|Any CPU
	EndGlobalSection
	GlobalSection(ProjectConfigurationPlatforms) = postSolution
		{12076F64-83F8-4ADF-8E17-434844DE3208}.Debug|Any CPU.ActiveCfg = Debug|Any CPU
		{12076F64-83F8-4ADF-8E17-434844DE3208}.Debug|Any CPU.Build.0 = Debug|Any CPU
		{12076F64-83F8-4ADF-8E17-434844DE3208}.Release|Any CPU.ActiveCfg = Release|Any CPU
		{12076F64-83F8-4ADF-8E17-434844DE3208}.Release|Any CPU.Build.0 = Release|Any CPU
		{97122717-4130-4787-9714-D5EA4A8B8653}.Debug|Any CPU.ActiveCfg = Debug|Any CPU
		{97122717-4130-4787-9714-D5EA4A8B8653}.Debug|Any CPU.Build.0 = Debug|Any CPU
		{97122717-4130-4787-9714-D5EA4A8B8653}.Release|Any CPU.ActiveCfg = Release|Any CPU
		{97122717-4130-4787-9714-D5EA4A8B8653}.Release|Any CPU.Build.0 = Release|Any CPU
		{FC06860C-330A-4563-A0E4-3B6550AA1A1E}.Debug|Any CPU.ActiveCfg = Debug|Any CPU
		{FC06860C-330A-4563-A0E4-3B6550AA1A1E}.Debug|Any CPU.Build.0 = Debug|Any CPU
		{FC06860C-330A-4563-A0E4-3B6550AA1A1E}.Release|Any CPU.ActiveCfg = Release|Any CPU
		{FC06860C-330A-4563-A0E4-3B6550AA1A1E}.Release|Any CPU.Build.0 = Release|Any CPU
	EndGlobalSection
	GlobalSection(SolutionProperties) = preSolution
		HideSolutionNode = FALSE
	EndGlobalSection
	GlobalSection(ExtensibilityGlobals) = postSolution
		SolutionGuid = {30955581-F465-41D5-98EF-E6CB5774705D}
	EndGlobalSection
EndGlobal
